
Microsoft Visual Studio Solution File, Format Version 12.00
# Visual Studio 15
VisualStudioVersion = 15.0.27703.2026
MinimumVisualStudioVersion = 10.0.40219.1
Project("{FAE04EC0-301F-11D3-BF4B-00C04F79EFBC}") = "ConsoleApp18", "ConsoleApp18\ConsoleApp18.csproj", "{B7C80869-6B15-46E3-9D1D-EAD8E1E994C2}"
EndProject
Global
	GlobalSection(SolutionConfigurationPlatforms) = preSolution
		Debug|Any CPU = Debug|Any CPU
		Release|Any CPU = Release|Any CPU
	EndGlobalSection
	GlobalSection(ProjectConfigurationPlatforms) = postSolution
		{B7C80869-6B15-46E3-9D1D-EAD8E1E994C2}.Debug|Any CPU.ActiveCfg = Debug|Any CPU
		{B7C80869-6B15-46E3-9D1D-EAD8E1E994C2}.Debug|Any CPU.Build.0 = Debug|Any CPU
		{B7C80869-6B15-46E3-9D1D-EAD8E1E994C2}.Release|Any CPU.ActiveCfg = Release|Any CPU
		{B7C80869-6B15-46E3-9D1D-EAD8E1E994C2}.Release|Any CPU.Build.0 = Release|Any CPU
	EndGlobalSection
	GlobalSection(SolutionProperties) = preSolution
		HideSolutionNode = FALSE
	EndGlobalSection
	GlobalSection(ExtensibilityGlobals) = postSolution
		SolutionGuid = {AD34EEC0-9994-403E-8677-CC08279041BF}
	EndGlobalSection
EndGlobal
